
Microsoft Visual Studio Solution File, Format Version 12.00
# Visual Studio 15
VisualStudioVersion = 15.0.28307.757
MinimumVisualStudioVersion = 10.0.40219.1
Project("{FAE04EC0-301F-11D3-BF4B-00C04F79EFBC}") = "ShoppingCart", "PromotionEngine\ShoppingCart.csproj", "{4AED6CCE-F906-4FF1-9474-784B4D672AF9}"
EndProject
Project("{FAE04EC0-301F-11D3-BF4B-00C04F79EFBC}") = "ShoppingCartTest", "PromotionEngineTest\ShoppingCartTest.csproj", "{62F4B2F0-DE98-4B30-9874-A482873C1B1B}"
EndProject
Global
	GlobalSection(SolutionConfigurationPlatforms) = preSolution
		Debug|Any CPU = Debug|Any CPU
		Release|Any CPU = Release|Any CPU
	EndGlobalSection
	GlobalSection(ProjectConfigurationPlatforms) = postSolution
		{4AED6CCE-F906-4FF1-9474-784B4D672AF9}.Debug|Any CPU.ActiveCfg = Debug|Any CPU
		{4AED6CCE-F906-4FF1-9474-784B4D672AF9}.Debug|Any CPU.Build.0 = Debug|Any CPU
		{4AED6CCE-F906-4FF1-9474-784B4D672AF9}.Release|Any CPU.ActiveCfg = Release|Any CPU
		{4AED6CCE-F906-4FF1-9474-784B4D672AF9}.Release|Any CPU.Build.0 = Release|Any CPU
		{62F4B2F0-DE98-4B30-9874-A482873C1B1B}.Debug|Any CPU.ActiveCfg = Debug|Any CPU
		{62F4B2F0-DE98-4B30-9874-A482873C1B1B}.Debug|Any CPU.Build.0 = Debug|Any CPU
		{62F4B2F0-DE98-4B30-9874-A482873C1B1B}.Release|Any CPU.ActiveCfg = Release|Any CPU
		{62F4B2F0-DE98-4B30-9874-A482873C1B1B}.Release|Any CPU.Build.0 = Release|Any CPU
	EndGlobalSection
	GlobalSection(SolutionProperties) = preSolution
		HideSolutionNode = FALSE
	EndGlobalSection
	GlobalSection(ExtensibilityGlobals) = postSolution
		SolutionGuid = {097C2EAF-1986-4CA6-908D-244E317AFC77}
	EndGlobalSection
EndGlobal
